
Microsoft Visual Studio Solution File, Format Version 12.00
# Visual Studio 14
VisualStudioVersion = 14.0.25420.1
MinimumVisualStudioVersion = 10.0.40219.1
Project("{2150E333-8FDC-42A3-9474-1A3956D46DE8}") = "src", "src", "{9191DC26-53EB-4D6E-8BB4-97BF6C4A903D}"
EndProject
Project("{2150E333-8FDC-42A3-9474-1A3956D46DE8}") = "Solution Items", "Solution Items", "{5CFA97B9-AE62-404E-9491-D4BA4DF3F947}"
	ProjectSection(SolutionItems) = preProject
		global.json = global.json
	EndProjectSection
EndProject
Project("{8BB2217D-0F2D-49D1-97BC-3654ED321F3B}") = "flocker-api-client", "src\flocker-api-client\flocker-api-client.xproj", "{1AA33D3D-33AD-4F57-9417-CCFA7C7FA18D}"
EndProject
Global
	GlobalSection(SolutionConfigurationPlatforms) = preSolution
		Debug|Any CPU = Debug|Any CPU
		Release|Any CPU = Release|Any CPU
	EndGlobalSection
	GlobalSection(ProjectConfigurationPlatforms) = postSolution
		{1AA33D3D-33AD-4F57-9417-CCFA7C7FA18D}.Debug|Any CPU.ActiveCfg = Debug|Any CPU
		{1AA33D3D-33AD-4F57-9417-CCFA7C7FA18D}.Debug|Any CPU.Build.0 = Debug|Any CPU
		{1AA33D3D-33AD-4F57-9417-CCFA7C7FA18D}.Release|Any CPU.ActiveCfg = Release|Any CPU
		{1AA33D3D-33AD-4F57-9417-CCFA7C7FA18D}.Release|Any CPU.Build.0 = Release|Any CPU
	EndGlobalSection
	GlobalSection(SolutionProperties) = preSolution
		HideSolutionNode = FALSE
	EndGlobalSection
	GlobalSection(NestedProjects) = preSolution
		{1AA33D3D-33AD-4F57-9417-CCFA7C7FA18D} = {9191DC26-53EB-4D6E-8BB4-97BF6C4A903D}
	EndGlobalSection
EndGlobal
